
Microsoft Visual Studio Solution File, Format Version 12.00
# Visual Studio Version 17
VisualStudioVersion = 17.8.34316.72
MinimumVisualStudioVersion = 10.0.40219.1
Project("{FAE04EC0-301F-11D3-BF4B-00C04F79EFBC}") = "Uppgift6", "Uppgift6\Uppgift6.csproj", "{FC11033E-32CE-4F5A-8C71-C768627C7ACD}"
EndProject
Global
	GlobalSection(SolutionConfigurationPlatforms) = preSolution
		Debug|Any CPU = Debug|Any CPU
		Release|Any CPU = Release|Any CPU
	EndGlobalSection
	GlobalSection(ProjectConfigurationPlatforms) = postSolution
		{FC11033E-32CE-4F5A-8C71-C768627C7ACD}.Debug|Any CPU.ActiveCfg = Debug|Any CPU
		{FC11033E-32CE-4F5A-8C71-C768627C7ACD}.Debug|Any CPU.Build.0 = Debug|Any CPU
		{FC11033E-32CE-4F5A-8C71-C768627C7ACD}.Release|Any CPU.ActiveCfg = Release|Any CPU
		{FC11033E-32CE-4F5A-8C71-C768627C7ACD}.Release|Any CPU.Build.0 = Release|Any CPU
	EndGlobalSection
	GlobalSection(SolutionProperties) = preSolution
		HideSolutionNode = FALSE
	EndGlobalSection
	GlobalSection(ExtensibilityGlobals) = postSolution
		SolutionGuid = {3F065A09-0E4B-405F-BEAB-AA9ADC453AFD}
	EndGlobalSection
EndGlobal
